
Microsoft Visual Studio Solution File, Format Version 12.00
# Visual Studio Version 17
VisualStudioVersion = 17.0.31903.59
MinimumVisualStudioVersion = 10.0.40219.1
Project("{9A19103F-16F7-4668-BE54-9A1E7A4F7556}") = "Xsport.API", "Xsport.API\Xsport.API.csproj", "{04DE2BB7-9E4A-4FB9-80B5-F99204745F99}"
EndProject
Project("{9A19103F-16F7-4668-BE54-9A1E7A4F7556}") = "Xsport.DB", "Xsport.DB\Xsport.DB.csproj", "{E5D31252-ED9D-4821-8792-A9BBBC04A0E7}"
EndProject
Project("{9A19103F-16F7-4668-BE54-9A1E7A4F7556}") = "Xsport.Core", "Xsport.Core\Xsport.Core.csproj", "{9D8A559D-7EED-489E-99FD-A377E84A7DF4}"
EndProject
Project("{9A19103F-16F7-4668-BE54-9A1E7A4F7556}") = "Xsport.DTOs", "Xsport.DTOs\Xsport.DTOs.csproj", "{5E56E9FA-3C85-4732-8CDF-6CFAF2902028}"
EndProject
Project("{9A19103F-16F7-4668-BE54-9A1E7A4F7556}") = "Xsport.Common", "Xsport.Common\Xsport.Common.csproj", "{6B280E97-72BE-4498-850E-9B313F8DC451}"
EndProject
Global
	GlobalSection(SolutionConfigurationPlatforms) = preSolution
		Debug|Any CPU = Debug|Any CPU
		Release|Any CPU = Release|Any CPU
	EndGlobalSection
	GlobalSection(ProjectConfigurationPlatforms) = postSolution
		{04DE2BB7-9E4A-4FB9-80B5-F99204745F99}.Debug|Any CPU.ActiveCfg = Debug|Any CPU
		{04DE2BB7-9E4A-4FB9-80B5-F99204745F99}.Debug|Any CPU.Build.0 = Debug|Any CPU
		{04DE2BB7-9E4A-4FB9-80B5-F99204745F99}.Release|Any CPU.ActiveCfg = Release|Any CPU
		{04DE2BB7-9E4A-4FB9-80B5-F99204745F99}.Release|Any CPU.Build.0 = Release|Any CPU
		{E5D31252-ED9D-4821-8792-A9BBBC04A0E7}.Debug|Any CPU.ActiveCfg = Debug|Any CPU
		{E5D31252-ED9D-4821-8792-A9BBBC04A0E7}.Debug|Any CPU.Build.0 = Debug|Any CPU
		{E5D31252-ED9D-4821-8792-A9BBBC04A0E7}.Release|Any CPU.ActiveCfg = Release|Any CPU
		{E5D31252-ED9D-4821-8792-A9BBBC04A0E7}.Release|Any CPU.Build.0 = Release|Any CPU
		{9D8A559D-7EED-489E-99FD-A377E84A7DF4}.Debug|Any CPU.ActiveCfg = Debug|Any CPU
		{9D8A559D-7EED-489E-99FD-A377E84A7DF4}.Debug|Any CPU.Build.0 = Debug|Any CPU
		{9D8A559D-7EED-489E-99FD-A377E84A7DF4}.Release|Any CPU.ActiveCfg = Release|Any CPU
		{9D8A559D-7EED-489E-99FD-A377E84A7DF4}.Release|Any CPU.Build.0 = Release|Any CPU
		{5E56E9FA-3C85-4732-8CDF-6CFAF2902028}.Debug|Any CPU.ActiveCfg = Debug|Any CPU
		{5E56E9FA-3C85-4732-8CDF-6CFAF2902028}.Debug|Any CPU.Build.0 = Debug|Any CPU
		{5E56E9FA-3C85-4732-8CDF-6CFAF2902028}.Release|Any CPU.ActiveCfg = Release|Any CPU
		{5E56E9FA-3C85-4732-8CDF-6CFAF2902028}.Release|Any CPU.Build.0 = Release|Any CPU
		{6B280E97-72BE-4498-850E-9B313F8DC451}.Debug|Any CPU.ActiveCfg = Debug|Any CPU
		{6B280E97-72BE-4498-850E-9B313F8DC451}.Debug|Any CPU.Build.0 = Debug|Any CPU
		{6B280E97-72BE-4498-850E-9B313F8DC451}.Release|Any CPU.ActiveCfg = Release|Any CPU
		{6B280E97-72BE-4498-850E-9B313F8DC451}.Release|Any CPU.Build.0 = Release|Any CPU
	EndGlobalSection
	GlobalSection(SolutionProperties) = preSolution
		HideSolutionNode = FALSE
	EndGlobalSection
EndGlobal
